# This file is automatically @generated by Cargo.
# It is not intended for manual editing.
version = 4

[[package]]
name = "determinism-proto"
version = "0.1.0"

[[package]]
name = "dh-inputlog"
version = "0.1.0"

[[package]]
name = "dh-kvm"
version = "0.1.0"
dependencies = [
 "determinism-proto",
]

[[package]]
name = "dh-proto"
version = "0.1.0"
dependencies = [
 "determinism-proto",
]

[[package]]
name = "dh-smoke"
version = "0.1.0"
dependencies = [
 "dh-worker",
]

[[package]]
name = "dh-snapshot"
version = "0.1.0"

[[package]]
name = "dh-types"
version = "0.1.0"

[[package]]
name = "dh-vmm"
version = "0.1.0"
dependencies = [
 "dh-types",
]

[[package]]
name = "dh-worker"
version = "0.1.0"
dependencies = [
 "dh-kvm",
]
